
Microsoft Visual Studio Solution File, Format Version 12.00
# Visual Studio Version 17
VisualStudioVersion = 17.5.002.0
MinimumVisualStudioVersion = 10.0.40219.1
Project("{9A19103F-16F7-4668-BE54-9A1E7A4F7556}") = "DemoMvc", "DemoMvc.csproj", "{CF3AA9DD-A385-4D5F-8F37-E799473B2BF5}"
EndProject
Global
	GlobalSection(SolutionConfigurationPlatforms) = preSolution
		Debug|Any CPU = Debug|Any CPU
		Release|Any CPU = Release|Any CPU
	EndGlobalSection
	GlobalSection(ProjectConfigurationPlatforms) = postSolution
		{CF3AA9DD-A385-4D5F-8F37-E799473B2BF5}.Debug|Any CPU.ActiveCfg = Debug|Any CPU
		{CF3AA9DD-A385-4D5F-8F37-E799473B2BF5}.Debug|Any CPU.Build.0 = Debug|Any CPU
		{CF3AA9DD-A385-4D5F-8F37-E799473B2BF5}.Release|Any CPU.ActiveCfg = Release|Any CPU
		{CF3AA9DD-A385-4D5F-8F37-E799473B2BF5}.Release|Any CPU.Build.0 = Release|Any CPU
	EndGlobalSection
	GlobalSection(SolutionProperties) = preSolution
		HideSolutionNode = FALSE
	EndGlobalSection
	GlobalSection(ExtensibilityGlobals) = postSolution
		SolutionGuid = {DBA34FFB-8800-47D2-9D54-315D85E3F26F}
	EndGlobalSection
EndGlobal
