
Microsoft Visual Studio Solution File, Format Version 12.00
# Visual Studio Version 17
VisualStudioVersion = 17.5.002.0
MinimumVisualStudioVersion = 10.0.40219.1
Project("{9A19103F-16F7-4668-BE54-9A1E7A4F7556}") = "DemoMVC", "DemoMVC.csproj", "{4303CC24-A447-40C3-9844-63F0D3A36F3D}"
EndProject
Global
	GlobalSection(SolutionConfigurationPlatforms) = preSolution
		Debug|Any CPU = Debug|Any CPU
		Release|Any CPU = Release|Any CPU
	EndGlobalSection
	GlobalSection(ProjectConfigurationPlatforms) = postSolution
		{4303CC24-A447-40C3-9844-63F0D3A36F3D}.Debug|Any CPU.ActiveCfg = Debug|Any CPU
		{4303CC24-A447-40C3-9844-63F0D3A36F3D}.Debug|Any CPU.Build.0 = Debug|Any CPU
		{4303CC24-A447-40C3-9844-63F0D3A36F3D}.Release|Any CPU.ActiveCfg = Release|Any CPU
		{4303CC24-A447-40C3-9844-63F0D3A36F3D}.Release|Any CPU.Build.0 = Release|Any CPU
	EndGlobalSection
	GlobalSection(SolutionProperties) = preSolution
		HideSolutionNode = FALSE
	EndGlobalSection
	GlobalSection(ExtensibilityGlobals) = postSolution
		SolutionGuid = {94B0A09B-5F47-4878-A66F-F0363DAD6733}
	EndGlobalSection
EndGlobal
